{
  "R": {
    "Version": "3.5.3",
    "Repositories": [
      {
        "Name": "TERCEN",
        "URL": "https://cran.tercen.com/api/v1/rlib/tercen"
      },
      {
        "Name": "CRAN",
        "URL": "https://cran.tercen.com/api/v1/rlib/CRAN"
      },
      {
        "Name": "BioCsoft",
        "URL": "https://cran.tercen.com/api/v1/rlib/BioCsoft-3.8"
      },
      {
        "Name": "BioCann",
        "URL": "https://cran.tercen.com/api/v1/rlib/BioCann-3.8"
      },
      {
        "Name": "BioCexp",
        "URL": "https://cran.tercen.com/api/v1/rlib/BioCexp-3.8"
      },
      {
        "Name": "BioCworkflows",
        "URL": "https://cran.tercen.com/api/v1/rlib/BioCworkflows-3.8"
      }
    ]
  },
  "Bioconductor": {
    "Version": null
  },
  "Packages": {
    "BH": {
      "Package": "BH",
      "Version": "1.69.0-1",
      "Source": "Repository",
      "Repository": "CRAN",
      "Hash": "f4605d46264b35f53072fc9ee7ace15f"
    },
    "Biobase": {
      "Package": "Biobase",
      "Version": "2.42.0",
      "Source": "Bioconductor",
      "Hash": "aa70d995670c53ba058b9abfd4f9f78a"
    },
    "BiocGenerics": {
      "Package": "BiocGenerics",
      "Version": "0.28.0",
      "Source": "Bioconductor",
      "Hash": "6e2b945d12e9e01cb0602ce6fbfb8841"
    },
    "BiocNeighbors": {
      "Package": "BiocNeighbors",
      "Version": "1.0.0",
      "Source": "Bioconductor",
      "Hash": "d0842776044d8ce6af56eaeec23b5a69"
    },
    "BiocParallel": {
      "Package": "BiocParallel",
      "Version": "1.16.6",
      "Source": "Bioconductor",
      "Hash": "01ff31c7703bea07aea091675a5b97bf"
    },
    "DelayedArray": {
      "Package": "DelayedArray",
      "Version": "0.8.0",
      "Source": "Bioconductor",
      "Hash": "36912a8ec5b83053d0acabc6c76452d2"
    },
    "DelayedMatrixStats": {
      "Package": "DelayedMatrixStats",
      "Version": "1.4.0",
      "Source": "Bioconductor",
      "Hash": "59859a2e9ed9dbb608dbc5437d478c37"
    },
    "GenomeInfoDb": {
      "Package": "GenomeInfoDb",
      "Version": "1.18.2",
      "Source": "Bioconductor",
      "Hash": "5cd66eaf1fe308e5e63e9860d269c08d"
    },
    "GenomeInfoDbData": {
      "Package": "GenomeInfoDbData",
      "Version": "1.2.0",
      "Source": "Bioconductor",
      "Hash": "cad61409d4825bcfb6c0b203c7ab32e6"
    },
    "GenomicRanges": {
      "Package": "GenomicRanges",
      "Version": "1.34.0",
      "Source": "Bioconductor",
      "Hash": "9ca908e067b7c2500013c090642c31df"
    },
    "HDF5Array": {
      "Package": "HDF5Array",
      "Version": "1.10.1",
      "Source": "Bioconductor",
      "Hash": "4a7667bc10d505167aeb46e419266e09"
    },
    "IRanges": {
      "Package": "IRanges",
      "Version": "2.16.0",
      "Source": "Bioconductor",
      "Hash": "6a0d55fa3fd5dae8c7298fcbdce70a86"
    },
    "MASS": {
      "Package": "MASS",
      "Version": "7.3-51.1",
      "Source": "Repository",
      "Repository": "CRAN",
      "Hash": "c64a9edaef0658e36905934c5a7aa499"
    },
    "Matrix": {
      "Package": "Matrix",
      "Version": "1.2-15",
      "Source": "Repository",
      "Repository": "CRAN",
      "Hash": "ffbff17356922d442a4d6fab32e2bc96"
    },
    "R6": {
      "Package": "R6",
      "Version": "2.4.1",
      "Source": "Repository",
      "Repository": "CRAN",
      "Hash": "292b54f8f4b94669b08f94e5acce6be2"
    },
    "RColorBrewer": {
      "Package": "RColorBrewer",
      "Version": "1.1-2",
      "Source": "Repository",
      "Repository": "CRAN",
      "Hash": "e031418365a7f7a766181ab5a41a5716"
    },
    "RCurl": {
      "Package": "RCurl",
      "Version": "1.95-4.12",
      "Source": "Repository",
      "Repository": "CRAN",
      "Hash": "0f298d739d578cf66581e49235a8228c"
    },
    "Rcpp": {
      "Package": "Rcpp",
      "Version": "1.0.3",
      "Source": "Repository",
      "Repository": "CRAN",
      "Hash": "f3ca785924863b0e4c8cb23b6a5c75a1"
    },
    "RcppAnnoy": {
      "Package": "RcppAnnoy",
      "Version": "0.0.16",
      "Source": "Repository",
      "Repository": "CRAN",
      "Hash": "076352082c0cd6e24e87649d4e656e2f"
    },
    "Rhdf5lib": {
      "Package": "Rhdf5lib",
      "Version": "1.4.3",
      "Source": "Bioconductor",
      "Hash": "bcb2484352c287003deb87aaca06110e"
    },
    "S4Vectors": {
      "Package": "S4Vectors",
      "Version": "0.20.1",
      "Source": "Bioconductor",
      "Hash": "4887dc8c6a150334ecdb8cf59b09c879"
    },
    "SingleCellExperiment": {
      "Package": "SingleCellExperiment",
      "Version": "1.4.1",
      "Source": "Bioconductor",
      "Hash": "e351faab3e5347286976dd4e4d38b3ba"
    },
    "SummarizedExperiment": {
      "Package": "SummarizedExperiment",
      "Version": "1.12.0",
      "Source": "Bioconductor",
      "Hash": "6a6466be70f82be6c28fbe499bdeba5b"
    },
    "XVector": {
      "Package": "XVector",
      "Version": "0.22.0",
      "Source": "Bioconductor",
      "Hash": "9b396aa7373c1f36b40ada5fb293a0be"
    },
    "assertthat": {
      "Package": "assertthat",
      "Version": "0.2.1",
      "Source": "Repository",
      "Repository": "CRAN",
      "Hash": "50c838a310445e954bc13f26f26a6ecf"
    },
    "backports": {
      "Package": "backports",
      "Version": "1.1.5",
      "Source": "Repository",
      "Repository": "CRAN",
      "Hash": "e9f705633dc932bfd5b02b17a5053a06"
    },
    "beachmat": {
      "Package": "beachmat",
      "Version": "1.4.0",
      "Source": "Bioconductor",
      "Hash": "2ba340a32fd90c4cb86e2b7cd446455b"
    },
    "beeswarm": {
      "Package": "beeswarm",
      "Version": "0.2.3",
      "Source": "Repository",
      "Repository": "CRAN",
      "Hash": "dc538ec663e38888807ef3034489403d"
    },
    "bitops": {
      "Package": "bitops",
      "Version": "1.0-6",
      "Source": "Repository",
      "Repository": "CRAN",
      "Hash": "0b118d5900596bae6c4d4865374536a6"
    },
    "cli": {
      "Package": "cli",
      "Version": "2.0.1",
      "Source": "Repository",
      "Repository": "CRAN",
      "Hash": "5173d8ab28680cf263636b110f4f3220"
    },
    "colorspace": {
      "Package": "colorspace",
      "Version": "1.4-1",
      "Source": "Repository",
      "Repository": "CRAN",
      "Hash": "6b436e95723d1f0e861224dd9b094dfb"
    },
    "crayon": {
      "Package": "crayon",
      "Version": "1.3.4",
      "Source": "Repository",
      "Repository": "CRAN",
      "Hash": "0d57bc8e27b7ba9e45dba825ebc0de6b"
    },
    "digest": {
      "Package": "digest",
      "Version": "0.6.23",
      "Source": "Repository",
      "Repository": "CRAN",
      "Hash": "931fd68809dab4609b4d4b5702206066"
    },
    "dplyr": {
      "Package": "dplyr",
      "Version": "0.8.0.1",
      "Source": "Repository",
      "Repository": "CRAN",
      "Hash": "f027b3489fc78fe48da054a29dc8b24b"
    },
    "dynamicTreeCut": {
      "Package": "dynamicTreeCut",
      "Version": "1.63-1",
      "Source": "Repository",
      "Repository": "CRAN",
      "Hash": "11d27b7a5f49a221224f56134f06b1f9"
    },
    "edgeR": {
      "Package": "edgeR",
      "Version": "3.24.3",
      "Source": "Bioconductor",
      "Hash": "bb10fe3072bfdc0fac4d5ff8bb68387d"
    },
    "ellipsis": {
      "Package": "ellipsis",
      "Version": "0.3.0",
      "Source": "Repository",
      "Repository": "CRAN",
      "Hash": "7067d90c1c780bfe80c0d497e3d7b49d"
    },
    "fansi": {
      "Package": "fansi",
      "Version": "0.4.1",
      "Source": "Repository",
      "Repository": "CRAN",
      "Hash": "7fce217eaaf8016e72065e85c73027b5"
    },
    "farver": {
      "Package": "farver",
      "Version": "2.0.1",
      "Source": "Repository",
      "Repository": "CRAN",
      "Hash": "e1e33215c942e78d2128221079b5dc35"
    },
    "formatR": {
      "Package": "formatR",
      "Version": "1.6",
      "Source": "Repository",
      "Repository": "CRAN",
      "Hash": "c619b946b70ca8fabca9f9807d240070"
    },
    "futile.logger": {
      "Package": "futile.logger",
      "Version": "1.4.3",
      "Source": "Repository",
      "Repository": "CRAN",
      "Hash": "99f0ace8c05ec7d3683d27083c4f1e7e"
    },
    "futile.options": {
      "Package": "futile.options",
      "Version": "1.0.1",
      "Source": "Repository",
      "Repository": "CRAN",
      "Hash": "0d9bf02413ddc2bbe8da9ce369dcdd2b"
    },
    "ggbeeswarm": {
      "Package": "ggbeeswarm",
      "Version": "0.6.0",
      "Source": "Repository",
      "Repository": "CRAN",
      "Hash": "dd68b9b215b2d3119603549a794003c3"
    },
    "ggplot2": {
      "Package": "ggplot2",
      "Version": "3.2.1",
      "Source": "Repository",
      "Repository": "CRAN",
      "Hash": "9ac60f09a2f437af8df8638ef3da0288"
    },
    "glue": {
      "Package": "glue",
      "Version": "1.3.1",
      "Source": "Repository",
      "Repository": "CRAN",
      "Hash": "d4e25697c450c01b202c79ef35694a83"
    },
    "gridExtra": {
      "Package": "gridExtra",
      "Version": "2.3",
      "Source": "Repository",
      "Repository": "CRAN",
      "Hash": "7d7f283939f563670a697165b2cf5560"
    },
    "gtable": {
      "Package": "gtable",
      "Version": "0.3.0",
      "Source": "Repository",
      "Repository": "CRAN",
      "Hash": "ac5c6baf7822ce8732b343f14c072c4d"
    },
    "igraph": {
      "Package": "igraph",
      "Version": "1.2.4.1",
      "Source": "Repository",
      "Repository": "CRAN",
      "Hash": "12eccd39a9fe9fd7a805b40fc0b7d01f"
    },
    "labeling": {
      "Package": "labeling",
      "Version": "0.3",
      "Source": "Repository",
      "Repository": "CRAN",
      "Hash": "73832978c1de350df58108c745ed0e3e"
    },
    "lambda.r": {
      "Package": "lambda.r",
      "Version": "1.2.4",
      "Source": "Repository",
      "Repository": "CRAN",
      "Hash": "b1e925c4b9ffeb901bacf812cbe9a6ad"
    },
    "lattice": {
      "Package": "lattice",
      "Version": "0.20-38",
      "Source": "Repository",
      "Repository": "CRAN",
      "Hash": "848f8c593fd1050371042d18d152e3d7"
    },
    "lazyeval": {
      "Package": "lazyeval",
      "Version": "0.2.2",
      "Source": "Repository",
      "Repository": "CRAN",
      "Hash": "d908914ae53b04d4c0c0fd72ecc35370"
    },
    "lifecycle": {
      "Package": "lifecycle",
      "Version": "0.1.0",
      "Source": "Repository",
      "Repository": "CRAN",
      "Hash": "dc0e9c03b3635ff433b045ce6bf0612d"
    },
    "limma": {
      "Package": "limma",
      "Version": "3.38.3",
      "Source": "Bioconductor",
      "Hash": "a697477e37787a450a3d465843f9d439"
    },
    "locfit": {
      "Package": "locfit",
      "Version": "1.5-9.4",
      "Source": "Repository",
      "Repository": "CRAN",
      "Hash": "760b5b542e8435237d1b3c253bfe18e7"
    },
    "magrittr": {
      "Package": "magrittr",
      "Version": "1.5",
      "Source": "Repository",
      "Repository": "CRAN",
      "Hash": "1bb58822a20301cee84a41678e25d9b7"
    },
    "matrixStats": {
      "Package": "matrixStats",
      "Version": "0.56.0",
      "Source": "Repository",
      "Repository": "CRAN",
      "Hash": "d16f18aeb023d7a80c090d9458fc75a6"
    },
    "mgcv": {
      "Package": "mgcv",
      "Version": "1.8-27",
      "Source": "Repository",
      "Repository": "CRAN",
      "Hash": "060d447c4c913cbf2e66306e4c664417"
    },
    "mtercen": {
      "Package": "mtercen",
      "Version": "1.0.7",
      "Source": "Repository",
      "Repository": "TERCEN",
      "Hash": "2333c0a639c728f4d3e21d3342083e02"
    },
    "munsell": {
      "Package": "munsell",
      "Version": "0.5.0",
      "Source": "Repository",
      "Repository": "CRAN",
      "Hash": "6dfe8bf774944bd5595785e3229d8771"
    },
    "nlme": {
      "Package": "nlme",
      "Version": "3.1-137",
      "Source": "Repository",
      "Repository": "CRAN",
      "Hash": "4320ab595f7bbff5458bc6a044a57fc0"
    },
    "pillar": {
      "Package": "pillar",
      "Version": "1.4.3",
      "Source": "Repository",
      "Repository": "CRAN",
      "Hash": "fa3ed60396b6998d0427c57dab90fba4"
    },
    "pkgconfig": {
      "Package": "pkgconfig",
      "Version": "2.0.3",
      "Source": "Repository",
      "Repository": "CRAN",
      "Hash": "01f28d4278f15c76cddbea05899c5d6f"
    },
    "plogr": {
      "Package": "plogr",
      "Version": "0.2.0",
      "Source": "Repository",
      "Repository": "CRAN",
      "Hash": "09eb987710984fc2905c7129c7d85e65"
    },
    "plyr": {
      "Package": "plyr",
      "Version": "1.8.5",
      "Source": "Repository",
      "Repository": "CRAN",
      "Hash": "3f1b0dbcc503320e6e7aae6c3ff87eaa"
    },
    "purrr": {
      "Package": "purrr",
      "Version": "0.3.2",
      "Source": "Repository",
      "Repository": "CRAN",
      "Hash": "adeb65b9e6bf7b2e1f9ca8252c2530ed"
    },
    "renv": {
      "Package": "renv",
      "Version": "0.9.2",
      "Source": "Repository",
      "Repository": "CRAN",
      "Hash": "5181d5f316c7a6589219866d640e004c"
    },
    "reshape2": {
      "Package": "reshape2",
      "Version": "1.4.3",
      "Source": "Repository",
      "Repository": "CRAN",
      "Hash": "15a23ad30f51789188e439599559815c"
    },
    "rhdf5": {
      "Package": "rhdf5",
      "Version": "2.26.2",
      "Source": "Bioconductor",
      "Hash": "73e908e09464e6696867c648cb771767"
    },
    "rlang": {
      "Package": "rlang",
      "Version": "0.4.2",
      "Source": "Repository",
      "Repository": "CRAN",
      "Hash": "ff31d958a041593f58ba04fc637d90dd"
    },
    "scRNAseq": {
      "Package": "scRNAseq",
      "Version": "1.8.0",
      "Source": "Bioconductor",
      "Hash": "d2694b39dcaa42f7d64be390217b5863"
    },
    "scales": {
      "Package": "scales",
      "Version": "1.1.0",
      "Source": "Repository",
      "Repository": "CRAN",
      "Hash": "a1c68369c629ea3188d0676e37069c65"
    },
    "scater": {
      "Package": "scater",
      "Version": "1.10.1",
      "Source": "Bioconductor",
      "Hash": "c736b87b92bb12f84f3f02061d54a076"
    },
    "scran": {
      "Package": "scran",
      "Version": "1.10.2",
      "Source": "Bioconductor",
      "Hash": "971ae171309e4f5bfc287cc11510108f"
    },
    "snow": {
      "Package": "snow",
      "Version": "0.4-3",
      "Source": "Repository",
      "Repository": "CRAN",
      "Hash": "11b822ad6214111a4188d5e5fd1b144c"
    },
    "statmod": {
      "Package": "statmod",
      "Version": "1.4.34",
      "Source": "Repository",
      "Repository": "CRAN",
      "Hash": "5b229273695937933bc21ef235e84962"
    },
    "stringi": {
      "Package": "stringi",
      "Version": "1.4.5",
      "Source": "Repository",
      "Repository": "CRAN",
      "Hash": "ced3b63472796155f74abc4eb5266c78"
    },
    "stringr": {
      "Package": "stringr",
      "Version": "1.4.0",
      "Source": "Repository",
      "Repository": "CRAN",
      "Hash": "0759e6b6c0957edb1311028a49a35e76"
    },
    "teRcenHttp": {
      "Package": "teRcenHttp",
      "Version": "1.0.14",
      "Source": "Repository",
      "Repository": "TERCEN",
      "Hash": "5ed131ec0d0917f1a2b013e9ac44fee7"
    },
    "tercen": {
      "Package": "tercen",
      "Version": "0.9.5",
      "Source": "Repository",
      "Repository": "TERCEN",
      "Hash": "6b8359f6781e2a0d9d0feb184930e72e"
    },
    "tibble": {
      "Package": "tibble",
      "Version": "2.1.3",
      "Source": "Repository",
      "Repository": "CRAN",
      "Hash": "8248ee35d1e15d1e506f05f5a5d46a75"
    },
    "tidyr": {
      "Package": "tidyr",
      "Version": "0.8.3",
      "Source": "Repository",
      "Repository": "CRAN",
      "Hash": "066365650c48620e116631c98ae8daf3"
    },
    "tidyselect": {
      "Package": "tidyselect",
      "Version": "0.2.5",
      "Source": "Repository",
      "Repository": "CRAN",
      "Hash": "971842fead8ee9e150495a0ede343a98"
    },
    "utf8": {
      "Package": "utf8",
      "Version": "1.1.4",
      "Source": "Repository",
      "Repository": "CRAN",
      "Hash": "4a5081acfb7b81a572e4384a7aaf2af1"
    },
    "vctrs": {
      "Package": "vctrs",
      "Version": "0.2.1",
      "Source": "Repository",
      "Repository": "CRAN",
      "Hash": "5c2d0fe441406cba811b46708ea28e41"
    },
    "vipor": {
      "Package": "vipor",
      "Version": "0.4.5",
      "Source": "Repository",
      "Repository": "CRAN",
      "Hash": "ea85683da7f2bfa63a98dc6416892591"
    },
    "viridis": {
      "Package": "viridis",
      "Version": "0.5.1",
      "Source": "Repository",
      "Repository": "CRAN",
      "Hash": "6f6b49e5b3b5ee5a6d0c28bf1b4b9eb3"
    },
    "viridisLite": {
      "Package": "viridisLite",
      "Version": "0.3.0",
      "Source": "Repository",
      "Repository": "CRAN",
      "Hash": "ce4f6271baa94776db692f1cb2055bee"
    },
    "withr": {
      "Package": "withr",
      "Version": "2.1.2",
      "Source": "Repository",
      "Repository": "CRAN",
      "Hash": "aa57ed55ff2df4bea697a07df528993d"
    },
    "yaml": {
      "Package": "yaml",
      "Version": "2.2.0",
      "Source": "Repository",
      "Repository": "CRAN",
      "Hash": "c78bdf1d16bd4ec7ecc86c6986d53309"
    },
    "zeallot": {
      "Package": "zeallot",
      "Version": "0.1.0",
      "Source": "Repository",
      "Repository": "CRAN",
      "Hash": "ee9b643aa8331c45d8d82eb3a137c9bc"
    },
    "zlibbioc": {
      "Package": "zlibbioc",
      "Version": "1.28.0",
      "Source": "Bioconductor",
      "Hash": "de069e577189ad8c8279b3d81581ad38"
    }
  }
}
